{
  "originHash" : "524597ac8ddb4eca03915bdd132bc8745f25b408613116846bc7bc157e202a74",
  "pins" : [
    {
      "identity" : "keyboardshortcuts",
      "kind" : "remoteSourceControl",
      "location" : "https://github.com/sindresorhus/KeyboardShortcuts",
      "state" : {
        "revision" : "1aef85578fdd4f9eaeeb8d53b7b4fc31bf08fe27",
        "version" : "2.4.0"
      }
    },
    {
      "identity" : "shortcutfield",
      "kind" : "remoteSourceControl",
      "location" : "https://github.com/nielsmadan/ShortcutField",
      "state" : {
        "revision" : "08f64dd8bd7b015eed0a55f9b5f6a5b93d9d4eab",
        "version" : "2.3.0"
      }
    },
    {
      "identity" : "sparkle",
      "kind" : "remoteSourceControl",
      "location" : "https://github.com/sparkle-project/Sparkle",
      "state" : {
        "revision" : "79bc9e872948e47877e76f194cb0c8e0412b0b90",
        "version" : "2.9.5"
      }
    }
  ],
  "version" : 3
}
