{
  "originHash" : "cc130945fd281ceb2d0312c89806e15065a12cf408db773c382099e5a7d630ee",
  "pins" : [
    {
      "identity" : "shortcutfield",
      "kind" : "remoteSourceControl",
      "location" : "https://github.com/nielsmadan/ShortcutField",
      "state" : {
        "revision" : "0d4ebe101be9a55553917f8d32e4c45a8468d1a6",
        "version" : "2.4.0"
      }
    },
    {
      "identity" : "shortcutkit",
      "kind" : "remoteSourceControl",
      "location" : "https://github.com/nielsmadan/ShortcutKit",
      "state" : {
        "revision" : "e5e360e3cef6e1016f477983226c445d108d2643",
        "version" : "0.8.0"
      }
    },
    {
      "identity" : "sparkle",
      "kind" : "remoteSourceControl",
      "location" : "https://github.com/sparkle-project/Sparkle",
      "state" : {
        "revision" : "ac2def288cbff5cfc7df3ffef6abdf45b72bcb0a",
        "version" : "2.9.6"
      }
    },
    {
      "identity" : "tomlkit",
      "kind" : "remoteSourceControl",
      "location" : "https://github.com/LebJe/TOMLKit",
      "state" : {
        "revision" : "ec6198d37d495efc6acd4dffbd262cdca7ff9b3f",
        "version" : "0.6.0"
      }
    }
  ],
  "version" : 3
}
