{
  "originHash" : "524597ac8ddb4eca03915bdd132bc8745f25b408613116846bc7bc157e202a74",
  "pins" : [
    {
      "identity" : "keyboardshortcuts",
      "kind" : "remoteSourceControl",
      "location" : "https://github.com/sindresorhus/KeyboardShortcuts",
      "state" : {
        "revision" : "1aef85578fdd4f9eaeeb8d53b7b4fc31bf08fe27",
        "version" : "2.4.0"
      }
    },
    {
      "identity" : "shortcutfield",
      "kind" : "remoteSourceControl",
      "location" : "https://github.com/nielsmadan/ShortcutField",
      "state" : {
        "revision" : "13d1751611fd90fc925f8d77695dd4ef2138552d",
        "version" : "2.2.3"
      }
    },
    {
      "identity" : "sparkle",
      "kind" : "remoteSourceControl",
      "location" : "https://github.com/sparkle-project/Sparkle",
      "state" : {
        "revision" : "b6496a74a087257ef5e6da1c5b29a447a60f5bd7",
        "version" : "2.9.4"
      }
    }
  ],
  "version" : 3
}
